// !$*UTF8*$!
{
	archiveVersion = 1;
	classes = {
	};
	objectVersion = 77;
	objects = {

/* Begin PBXContainerItemProxy section */
		BADB83902E02BBEE0019F130 /* PBXContainerItemProxy */ = {
			isa = PBXContainerItemProxy;
			containerPortal = BADB83792E02BBED0019F130 /* Project object */;
			proxyType = 1;
			remoteGlobalIDString = BADB83802E02BBED0019F130;
			remoteInfo = Hoverboard;
		};
		BADB839A2E02BBEE0019F130 /* PBXContainerItemProxy */ = {
			isa = PBXContainerItemProxy;
			containerPortal = BADB83792E02BBED0019F130 /* Project object */;
			proxyType = 1;
			remoteGlobalIDString = BADB83802E02BBED0019F130;
			remoteInfo = Hoverboard;
		};
/* End PBXContainerItemProxy section */

/* Begin PBXFileReference section */
		BADB83812E02BBED0019F130 /* Hoverboard.app */ = {isa = PBXFileReference; explicitFileType = wrapper.application; includeInIndex = 0; path = Hoverboard.app; sourceTree = BUILT_PRODUCTS_DIR; };
		BADB838F2E02BBEE0019F130 /* HoverboardTests.xctest */ = {isa = PBXFileReference; explicitFileType = wrapper.cfbundle; includeInIndex = 0; path = HoverboardTests.xctest; sourceTree = BUILT_PRODUCTS_DIR; };
		BADB83992E02BBEE0019F130 /* HoverboardUITests.xctest */ = {isa = PBXFileReference; explicitFileType = wrapper.cfbundle; includeInIndex = 0; path = HoverboardUITests.xctest; sourceTree = BUILT_PRODUCTS_DIR; };
/* End PBXFileReference section */

/* Begin PBXFileSystemSynchronizedRootGroup section */
		BADB83832E02BBED0019F130 /* Hoverboard */ = {
			isa = PBXFileSystemSynchronizedRootGroup;
			path = Hoverboard;
			sourceTree = "<group>";
		};
		BADB83922E02BBEE0019F130 /* HoverboardTests */ = {
			isa = PBXFileSystemSynchronizedRootGroup;
			path = HoverboardTests;
			sourceTree = "<group>";
		};
		BADB839C2E02BBEE0019F130 /* HoverboardUITests */ = {
			isa = PBXFileSystemSynchronizedRootGroup;
			path = HoverboardUITests;
			sourceTree = "<group>";
		};
/* End PBXFileSystemSynchronizedRootGroup section */

/* Begin PBXFrameworksBuildPhase section */
		BADB837E2E02BBED0019F130 /* Frameworks */ = {
			isa = PBXFrameworksBuildPhase;
			buildActionMask = 2147483647;
			files = (
			);
			runOnlyForDeploymentPostprocessing = 0;
		};
		BADB838C2E02BBEE0019F130 /* Frameworks */ = {
			isa = PBXFrameworksBuildPhase;
			buildActionMask = 2147483647;
			files = (
			);
			runOnlyForDeploymentPostprocessing = 0;
		};
		BADB83962E02BBEE0019F130 /* Frameworks */ = {
			isa = PBXFrameworksBuildPhase;
			buildActionMask = 2147483647;
			files = (
			);
			runOnlyForDeploymentPostprocessing = 0;
		};
/* End PBXFrameworksBuildPhase section */

/* Begin PBXGroup section */
		BADB83782E02BBED0019F130 = {
			isa = PBXGroup;
			children = (
				BADB83832E02BBED0019F130 /* Hoverboard */,
				BADB83922E02BBEE0019F130 /* HoverboardTests */,
				BADB839C2E02BBEE0019F130 /* HoverboardUITests */,
				BADB83822E02BBED0019F130 /* Products */,
			);
			sourceTree = "<group>";
		};
		BADB83822E02BBED0019F130 /* Products */ = {
			isa = PBXGroup;
			children = (
				BADB83812E02BBED0019F130 /* Hoverboard.app */,
				BADB838F2E02BBEE0019F130 /* HoverboardTests.xctest */,
				BADB83992E02BBEE0019F130 /* HoverboardUITests.xctest */,
			);
			name = Products;
			sourceTree = "<group>";
		};
/* End PBXGroup section */

/* Begin PBXNativeTarget section */
		BADB83802E02BBED0019F130 /* Hoverboard */ = {
			isa = PBXNativeTarget;
			buildConfigurationList = BADB83A32E02BBEE0019F130 /* Build configuration list for PBXNativeTarget "Hoverboard" */;
			buildPhases = (
				BADB837D2E02BBED0019F130 /* Sources */,
				BADB837E2E02BBED0019F130 /* Frameworks */,
				BADB837F2E02BBED0019F130 /* Resources */,
			);
			buildRules = (
			);
			dependencies = (
			);
			fileSystemSynchronizedGroups = (
				BADB83832E02BBED0019F130 /* Hoverboard */,
			);
			name = Hoverboard;
			packageProductDependencies = (
			);
			productName = Hoverboard;
			productReference = BADB83812E02BBED0019F130 /* Hoverboard.app */;
			productType = "com.apple.product-type.application";
		};
		BADB838E2E02BBEE0019F130 /* HoverboardTests */ = {
			isa = PBXNativeTarget;
			buildConfigurationList = BADB83A62E02BBEE0019F130 /* Build configuration list for PBXNativeTarget "HoverboardTests" */;
			buildPhases = (
				BADB838B2E02BBEE0019F130 /* Sources */,
				BADB838C2E02BBEE0019F130 /* Frameworks */,
				BADB838D2E02BBEE0019F130 /* Resources */,
			);
			buildRules = (
			);
			dependencies = (
				BADB83912E02BBEE0019F130 /* PBXTargetDependency */,
			);
			fileSystemSynchronizedGroups = (
				BADB83922E02BBEE0019F130 /* HoverboardTests */,
			);
			name = HoverboardTests;
			packageProductDependencies = (
			);
			productName = HoverboardTests;
			productReference = BADB838F2E02BBEE0019F130 /* HoverboardTests.xctest */;
			productType = "com.apple.product-type.bundle.unit-test";
		};
		BADB83982E02BBEE0019F130 /* HoverboardUITests */ = {
			isa = PBXNativeTarget;
			buildConfigurationList = BADB83A92E02BBEE0019F130 /* Build configuration list for PBXNativeTarget "HoverboardUITests" */;
			buildPhases = (
				BADB83952E02BBEE0019F130 /* Sources */,
				BADB83962E02BBEE0019F130 /* Frameworks */,
				BADB83972E02BBEE0019F130 /* Resources */,
			);
			buildRules = (
			);
			dependencies = (
				BADB839B2E02BBEE0019F130 /* PBXTargetDependency */,
			);
			fileSystemSynchronizedGroups = (
				BADB839C2E02BBEE0019F130 /* HoverboardUITests */,
			);
			name = HoverboardUITests;
			packageProductDependencies = (
			);
			productName = HoverboardUITests;
			productReference = BADB83992E02BBEE0019F130 /* HoverboardUITests.xctest */;
			productType = "com.apple.product-type.bundle.ui-testing";
		};
/* End PBXNativeTarget section */

/* Begin PBXProject section */
		BADB83792E02BBED0019F130 /* Project object */ = {
			isa = PBXProject;
			attributes = {
				BuildIndependentTargetsInParallel = 1;
				LastSwiftUpdateCheck = 1630;
				LastUpgradeCheck = 1630;
				TargetAttributes = {
					BADB83802E02BBED0019F130 = {
						CreatedOnToolsVersion = 16.3;
					};
					BADB838E2E02BBEE0019F130 = {
						CreatedOnToolsVersion = 16.3;
						TestTargetID = BADB83802E02BBED0019F130;
					};
					BADB83982E02BBEE0019F130 = {
						CreatedOnToolsVersion = 16.3;
						TestTargetID = BADB83802E02BBED0019F130;
					};
				};
			};
			buildConfigurationList = BADB837C2E02BBED0019F130 /* Build configuration list for PBXProject "Hoverboard" */;
			developmentRegion = en;
			hasScannedForEncodings = 0;
			knownRegions = (
				en,
				Base,
			);
			mainGroup = BADB83782E02BBED0019F130;
			minimizedProjectReferenceProxies = 1;
			preferredProjectObjectVersion = 77;
			productRefGroup = BADB83822E02BBED0019F130 /* Products */;
			projectDirPath = "";
			projectRoot = "";
			targets = (
				BADB83802E02BBED0019F130 /* Hoverboard */,
				BADB838E2E02BBEE0019F130 /* HoverboardTests */,
				BADB83982E02BBEE0019F130 /* HoverboardUITests */,
			);
		};
/* End PBXProject section */

/* Begin PBXResourcesBuildPhase section */
		BADB837F2E02BBED0019F130 /* Resources */ = {
			isa = PBXResourcesBuildPhase;
			buildActionMask = 2147483647;
			files = (
			);
			runOnlyForDeploymentPostprocessing = 0;
		};
		BADB838D2E02BBEE0019F130 /* Resources */ = {
			isa = PBXResourcesBuildPhase;
			buildActionMask = 2147483647;
			files = (
			);
			runOnlyForDeploymentPostprocessing = 0;
		};
		BADB83972E02BBEE0019F130 /* Resources */ = {
			isa = PBXResourcesBuildPhase;
			buildActionMask = 2147483647;
			files = (
			);
			runOnlyForDeploymentPostprocessing = 0;
		};
/* End PBXResourcesBuildPhase section */

/* Begin PBXSourcesBuildPhase section */
		BADB837D2E02BBED0019F130 /* Sources */ = {
			isa = PBXSourcesBuildPhase;
			buildActionMask = 2147483647;
			files = (
			);
			runOnlyForDeploymentPostprocessing = 0;
		};
		BADB838B2E02BBEE0019F130 /* Sources */ = {
			isa = PBXSourcesBuildPhase;
			buildActionMask = 2147483647;
			files = (
			);
			runOnlyForDeploymentPostprocessing = 0;
		};
		BADB83952E02BBEE0019F130 /* Sources */ = {
			isa = PBXSourcesBuildPhase;
			buildActionMask = 2147483647;
			files = (
			);
			runOnlyForDeploymentPostprocessing = 0;
		};
/* End PBXSourcesBuildPhase section */

/* Begin PBXTargetDependency section */
		BADB83912E02BBEE0019F130 /* PBXTargetDependency */ = {
			isa = PBXTargetDependency;
			target = BADB83802E02BBED0019F130 /* Hoverboard */;
			targetProxy = BADB83902E02BBEE0019F130 /* PBXContainerItemProxy */;
		};
		BADB839B2E02BBEE0019F130 /* PBXTargetDependency */ = {
			isa = PBXTargetDependency;
			target = BADB83802E02BBED0019F130 /* Hoverboard */;
			targetProxy = BADB839A2E02BBEE0019F130 /* PBXContainerItemProxy */;
		};
/* End PBXTargetDependency section */

/* Begin XCBuildConfiguration section */
		BADB83A12E02BBEE0019F130 /* Debug */ = {
			isa = XCBuildConfiguration;
			buildSettings = {
				ALWAYS_SEARCH_USER_PATHS = NO;
				ASSETCATALOG_COMPILER_GENERATE_SWIFT_ASSET_SYMBOL_EXTENSIONS = YES;
				CLANG_ANALYZER_NONNULL = YES;
				CLANG_ANALYZER_NUMBER_OBJECT_CONVERSION = YES_AGGRESSIVE;
				CLANG_CXX_LANGUAGE_STANDARD = "gnu++20";
				CLANG_ENABLE_MODULES = YES;
				CLANG_ENABLE_OBJC_ARC = YES;
				CLANG_ENABLE_OBJC_WEAK = YES;
				CLANG_WARN_BLOCK_CAPTURE_AUTORELEASING = YES;
				CLANG_WARN_BOOL_CONVERSION = YES;
				CLANG_WARN_COMMA = YES;
				CLANG_WARN_CONSTANT_CONVERSION = YES;
				CLANG_WARN_DEPRECATED_OBJC_IMPLEMENTATIONS = YES;
				CLANG_WARN_DIRECT_OBJC_ISA_USAGE = YES_ERROR;
				CLANG_WARN_DOCUMENTATION_COMMENTS = YES;
				CLANG_WARN_EMPTY_BODY = YES;
				CLANG_WARN_ENUM_CONVERSION = YES;
				CLANG_WARN_INFINITE_RECURSION = YES;
				CLANG_WARN_INT_CONVERSION = YES;
				CLANG_WARN_NON_LITERAL_NULL_CONVERSION = YES;
				CLANG_WARN_OBJC_IMPLICIT_RETAIN_SELF = YES;
				CLANG_WARN_OBJC_LITERAL_CONVERSION = YES;
				CLANG_WARN_OBJC_ROOT_CLASS = YES_ERROR;
				CLANG_WARN_QUOTED_INCLUDE_IN_FRAMEWORK_HEADER = YES;
				CLANG_WARN_RANGE_LOOP_ANALYSIS = YES;
				CLANG_WARN_STRICT_PROTOTYPES = YES;
				CLANG_WARN_SUSPICIOUS_MOVE = YES;
				CLANG_WARN_UNGUARDED_AVAILABILITY = YES_AGGRESSIVE;
				CLANG_WARN_UNREACHABLE_CODE = YES;
				CLANG_WARN__DUPLICATE_METHOD_MATCH = YES;
				COPY_PHASE_STRIP = NO;
				DEBUG_INFORMATION_FORMAT = dwarf;
				DEVELOPMENT_TEAM = F8RXN7D3B6;
				ENABLE_STRICT_OBJC_MSGSEND = YES;
				ENABLE_TESTABILITY = YES;
				ENABLE_USER_SCRIPT_SANDBOXING = YES;
				GCC_C_LANGUAGE_STANDARD = gnu17;
				GCC_DYNAMIC_NO_PIC = NO;
				GCC_NO_COMMON_BLOCKS = YES;
				GCC_OPTIMIZATION_LEVEL = 0;
				GCC_PREPROCESSOR_DEFINITIONS = (
					"DEBUG=1",
					"$(inherited)",
				);
				GCC_WARN_64_TO_32_BIT_CONVERSION = YES;
				GCC_WARN_ABOUT_RETURN_TYPE = YES_ERROR;
				GCC_WARN_UNDECLARED_SELECTOR = YES;
				GCC_WARN_UNINITIALIZED_AUTOS = YES_AGGRESSIVE;
				GCC_WARN_UNUSED_FUNCTION = YES;
				GCC_WARN_UNUSED_VARIABLE = YES;
				LOCALIZATION_PREFERS_STRING_CATALOGS = YES;
				MACOSX_DEPLOYMENT_TARGET = 15.4;
				MTL_ENABLE_DEBUG_INFO = INCLUDE_SOURCE;
				MTL_FAST_MATH = YES;
				ONLY_ACTIVE_ARCH = YES;
				SDKROOT = macosx;
				SWIFT_ACTIVE_COMPILATION_CONDITIONS = "DEBUG $(inherited)";
				SWIFT_OPTIMIZATION_LEVEL = "-Onone";
			};
			name = Debug;
		};
		BADB83A22E02BBEE0019F130 /* Release */ = {
			isa = XCBuildConfiguration;
			buildSettings = {
				ALWAYS_SEARCH_USER_PATHS = NO;
				ASSETCATALOG_COMPILER_GENERATE_SWIFT_ASSET_SYMBOL_EXTENSIONS = YES;
				CLANG_ANALYZER_NONNULL = YES;
				CLANG_ANALYZER_NUMBER_OBJECT_CONVERSION = YES_AGGRESSIVE;
				CLANG_CXX_LANGUAGE_STANDARD = "gnu++20";
				CLANG_ENABLE_MODULES = YES;
				CLANG_ENABLE_OBJC_ARC = YES;
				CLANG_ENABLE_OBJC_WEAK = YES;
				CLANG_WARN_BLOCK_CAPTURE_AUTORELEASING = YES;
				CLANG_WARN_BOOL_CONVERSION = YES;
				CLANG_WARN_COMMA = YES;
				CLANG_WARN_CONSTANT_CONVERSION = YES;
				CLANG_WARN_DEPRECATED_OBJC_IMPLEMENTATIONS = YES;
				CLANG_WARN_DIRECT_OBJC_ISA_USAGE = YES_ERROR;
				CLANG_WARN_DOCUMENTATION_COMMENTS = YES;
				CLANG_WARN_EMPTY_BODY = YES;
				CLANG_WARN_ENUM_CONVERSION = YES;
				CLANG_WARN_INFINITE_RECURSION = YES;
				CLANG_WARN_INT_CONVERSION = YES;
				CLANG_WARN_NON_LITERAL_NULL_CONVERSION = YES;
				CLANG_WARN_OBJC_IMPLICIT_RETAIN_SELF = YES;
				CLANG_WARN_OBJC_LITERAL_CONVERSION = YES;
				CLANG_WARN_OBJC_ROOT_CLASS = YES_ERROR;
				CLANG_WARN_QUOTED_INCLUDE_IN_FRAMEWORK_HEADER = YES;
				CLANG_WARN_RANGE_LOOP_ANALYSIS = YES;
				CLANG_WARN_STRICT_PROTOTYPES = YES;
				CLANG_WARN_SUSPICIOUS_MOVE = YES;
				CLANG_WARN_UNGUARDED_AVAILABILITY = YES_AGGRESSIVE;
				CLANG_WARN_UNREACHABLE_CODE = YES;
				CLANG_WARN__DUPLICATE_METHOD_MATCH = YES;
				COPY_PHASE_STRIP = NO;
				DEBUG_INFORMATION_FORMAT = "dwarf-with-dsym";
				DEVELOPMENT_TEAM = F8RXN7D3B6;
				ENABLE_NS_ASSERTIONS = NO;
				ENABLE_STRICT_OBJC_MSGSEND = YES;
				ENABLE_USER_SCRIPT_SANDBOXING = YES;
				GCC_C_LANGUAGE_STANDARD = gnu17;
				GCC_NO_COMMON_BLOCKS = YES;
				GCC_WARN_64_TO_32_BIT_CONVERSION = YES;
				GCC_WARN_ABOUT_RETURN_TYPE = YES_ERROR;
				GCC_WARN_UNDECLARED_SELECTOR = YES;
				GCC_WARN_UNINITIALIZED_AUTOS = YES_AGGRESSIVE;
				GCC_WARN_UNUSED_FUNCTION = YES;
				GCC_WARN_UNUSED_VARIABLE = YES;
				LOCALIZATION_PREFERS_STRING_CATALOGS = YES;
				MACOSX_DEPLOYMENT_TARGET = 15.4;
				MTL_ENABLE_DEBUG_INFO = NO;
				MTL_FAST_MATH = YES;
				SDKROOT = macosx;
				SWIFT_COMPILATION_MODE = wholemodule;
			};
			name = Release;
		};
		BADB83A42E02BBEE0019F130 /* Debug */ = {
			isa = XCBuildConfiguration;
			buildSettings = {
				ASSETCATALOG_COMPILER_APPICON_NAME = AppIcon;
				ASSETCATALOG_COMPILER_GLOBAL_ACCENT_COLOR_NAME = AccentColor;
				CODE_SIGN_ENTITLEMENTS = Hoverboard/Hoverboard.entitlements;
				CODE_SIGN_STYLE = Automatic;
				COMBINE_HIDPI_IMAGES = YES;
				CURRENT_PROJECT_VERSION = 1;
				DEVELOPMENT_TEAM = F8RXN7D3B6;
				ENABLE_HARDENED_RUNTIME = YES;
				ENABLE_PREVIEWS = YES;
				GENERATE_INFOPLIST_FILE = YES;
				INFOPLIST_KEY_NSHumanReadableCopyright = "";
				LD_RUNPATH_SEARCH_PATHS = (
					"$(inherited)",
					"@executable_path/../Frameworks",
				);
				MARKETING_VERSION = 1.0;
				PRODUCT_BUNDLE_IDENTIFIER = henry.Hoverboard;
				PRODUCT_NAME = "$(TARGET_NAME)";
				REGISTER_APP_GROUPS = YES;
				SWIFT_EMIT_LOC_STRINGS = YES;
				SWIFT_VERSION = 5.0;
			};
			name = Debug;
		};
		BADB83A52E02BBEE0019F130 /* Release */ = {
			isa = XCBuildConfiguration;
			buildSettings = {
				ASSETCATALOG_COMPILER_APPICON_NAME = AppIcon;
				ASSETCATALOG_COMPILER_GLOBAL_ACCENT_COLOR_NAME = AccentColor;
				CODE_SIGN_ENTITLEMENTS = Hoverboard/Hoverboard.entitlements;
				CODE_SIGN_STYLE = Automatic;
				COMBINE_HIDPI_IMAGES = YES;
				CURRENT_PROJECT_VERSION = 1;
				DEVELOPMENT_TEAM = F8RXN7D3B6;
				ENABLE_HARDENED_RUNTIME = YES;
				ENABLE_PREVIEWS = YES;
				GENERATE_INFOPLIST_FILE = YES;
				INFOPLIST_KEY_NSHumanReadableCopyright = "";
				LD_RUNPATH_SEARCH_PATHS = (
					"$(inherited)",
					"@executable_path/../Frameworks",
				);
				MARKETING_VERSION = 1.0;
				PRODUCT_BUNDLE_IDENTIFIER = henry.Hoverboard;
				PRODUCT_NAME = "$(TARGET_NAME)";
				REGISTER_APP_GROUPS = YES;
				SWIFT_EMIT_LOC_STRINGS = YES;
				SWIFT_VERSION = 5.0;
			};
			name = Release;
		};
		BADB83A72E02BBEE0019F130 /* Debug */ = {
			isa = XCBuildConfiguration;
			buildSettings = {
				BUNDLE_LOADER = "$(TEST_HOST)";
				CODE_SIGN_STYLE = Automatic;
				CURRENT_PROJECT_VERSION = 1;
				DEVELOPMENT_TEAM = F8RXN7D3B6;
				GENERATE_INFOPLIST_FILE = YES;
				MACOSX_DEPLOYMENT_TARGET = 15.4;
				MARKETING_VERSION = 1.0;
				PRODUCT_BUNDLE_IDENTIFIER = henry.HoverboardTests;
				PRODUCT_NAME = "$(TARGET_NAME)";
				SWIFT_EMIT_LOC_STRINGS = NO;
				SWIFT_VERSION = 5.0;
				TEST_HOST = "$(BUILT_PRODUCTS_DIR)/Hoverboard.app/$(BUNDLE_EXECUTABLE_FOLDER_PATH)/Hoverboard";
			};
			name = Debug;
		};
		BADB83A82E02BBEE0019F130 /* Release */ = {
			isa = XCBuildConfiguration;
			buildSettings = {
				BUNDLE_LOADER = "$(TEST_HOST)";
				CODE_SIGN_STYLE = Automatic;
				CURRENT_PROJECT_VERSION = 1;
				DEVELOPMENT_TEAM = F8RXN7D3B6;
				GENERATE_INFOPLIST_FILE = YES;
				MACOSX_DEPLOYMENT_TARGET = 15.4;
				MARKETING_VERSION = 1.0;
				PRODUCT_BUNDLE_IDENTIFIER = henry.HoverboardTests;
				PRODUCT_NAME = "$(TARGET_NAME)";
				SWIFT_EMIT_LOC_STRINGS = NO;
				SWIFT_VERSION = 5.0;
				TEST_HOST = "$(BUILT_PRODUCTS_DIR)/Hoverboard.app/$(BUNDLE_EXECUTABLE_FOLDER_PATH)/Hoverboard";
			};
			name = Release;
		};
		BADB83AA2E02BBEE0019F130 /* Debug */ = {
			isa = XCBuildConfiguration;
			buildSettings = {
				CODE_SIGN_STYLE = Automatic;
				CURRENT_PROJECT_VERSION = 1;
				DEVELOPMENT_TEAM = F8RXN7D3B6;
				GENERATE_INFOPLIST_FILE = YES;
				MARKETING_VERSION = 1.0;
				PRODUCT_BUNDLE_IDENTIFIER = henry.HoverboardUITests;
				PRODUCT_NAME = "$(TARGET_NAME)";
				SWIFT_EMIT_LOC_STRINGS = NO;
				SWIFT_VERSION = 5.0;
				TEST_TARGET_NAME = Hoverboard;
			};
			name = Debug;
		};
		BADB83AB2E02BBEE0019F130 /* Release */ = {
			isa = XCBuildConfiguration;
			buildSettings = {
				CODE_SIGN_STYLE = Automatic;
				CURRENT_PROJECT_VERSION = 1;
				DEVELOPMENT_TEAM = F8RXN7D3B6;
				GENERATE_INFOPLIST_FILE = YES;
				MARKETING_VERSION = 1.0;
				PRODUCT_BUNDLE_IDENTIFIER = henry.HoverboardUITests;
				PRODUCT_NAME = "$(TARGET_NAME)";
				SWIFT_EMIT_LOC_STRINGS = NO;
				SWIFT_VERSION = 5.0;
				TEST_TARGET_NAME = Hoverboard;
			};
			name = Release;
		};
/* End XCBuildConfiguration section */

/* Begin XCConfigurationList section */
		BADB837C2E02BBED0019F130 /* Build configuration list for PBXProject "Hoverboard" */ = {
			isa = XCConfigurationList;
			buildConfigurations = (
				BADB83A12E02BBEE0019F130 /* Debug */,
				BADB83A22E02BBEE0019F130 /* Release */,
			);
			defaultConfigurationIsVisible = 0;
			defaultConfigurationName = Release;
		};
		BADB83A32E02BBEE0019F130 /* Build configuration list for PBXNativeTarget "Hoverboard" */ = {
			isa = XCConfigurationList;
			buildConfigurations = (
				BADB83A42E02BBEE0019F130 /* Debug */,
				BADB83A52E02BBEE0019F130 /* Release */,
			);
			defaultConfigurationIsVisible = 0;
			defaultConfigurationName = Release;
		};
		BADB83A62E02BBEE0019F130 /* Build configuration list for PBXNativeTarget "HoverboardTests" */ = {
			isa = XCConfigurationList;
			buildConfigurations = (
				BADB83A72E02BBEE0019F130 /* Debug */,
				BADB83A82E02BBEE0019F130 /* Release */,
			);
			defaultConfigurationIsVisible = 0;
			defaultConfigurationName = Release;
		};
		BADB83A92E02BBEE0019F130 /* Build configuration list for PBXNativeTarget "HoverboardUITests" */ = {
			isa = XCConfigurationList;
			buildConfigurations = (
				BADB83AA2E02BBEE0019F130 /* Debug */,
				BADB83AB2E02BBEE0019F130 /* Release */,
			);
			defaultConfigurationIsVisible = 0;
			defaultConfigurationName = Release;
		};
/* End XCConfigurationList section */
	};
	rootObject = BADB83792E02BBED0019F130 /* Project object */;
}
